// !$*UTF8*$!
{
	archiveVersion = 1;
	classes = {
	};
	objectVersion = 50;
	objects = {

/* Begin PBXBuildFile section */
		085BF17E22159C7F00F12E59 /* AppDelegate.swift in Sources */ = {isa = PBXBuildFile; fileRef = 085BF17D22159C7F00F12E59 /* AppDelegate.swift */; };
		085BF18022159C7F00F12E59 /* ChecklistViewController.swift in Sources */ = {isa = PBXBuildFile; fileRef = 085BF17F22159C7F00F12E59 /* ChecklistViewController.swift */; };
		085BF18322159C7F00F12E59 /* Main.storyboard in Resources */ = {isa = PBXBuildFile; fileRef = 085BF18122159C7F00F12E59 /* Main.storyboard */; };
		085BF18522159C8000F12E59 /* Assets.xcassets in Resources */ = {isa = PBXBuildFile; fileRef = 085BF18422159C8000F12E59 /* Assets.xcassets */; };
		085BF18822159C8000F12E59 /* LaunchScreen.storyboard in Resources */ = {isa = PBXBuildFile; fileRef = 085BF18622159C8000F12E59 /* LaunchScreen.storyboard */; };
		085BF1932215A40E00F12E59 /* ChecklistItem.swift in Sources */ = {isa = PBXBuildFile; fileRef = 085BF1922215A40E00F12E59 /* ChecklistItem.swift */; };
		085BF1972215D09200F12E59 /* ItemDetailViewController.swift in Sources */ = {isa = PBXBuildFile; fileRef = 085BF1962215D09200F12E59 /* ItemDetailViewController.swift */; };
		087473BA223A452900D39BC8 /* emCell.swift in Sources */ = {isa = PBXBuildFile; fileRef = 087473B9223A452900D39BC8 /* emCell.swift */; };
		08E6CBC622437DFD0072B1C6 /* AllListViewController.swift in Sources */ = {isa = PBXBuildFile; fileRef = 08E6CBC522437DFD0072B1C6 /* AllListViewController.swift */; };
		08E6CBC82243A08E0072B1C6 /* Checklist.swift in Sources */ = {isa = PBXBuildFile; fileRef = 08E6CBC72243A08E0072B1C6 /* Checklist.swift */; };
		08FD1049221EFE4D00DD0AE8 /* ChecklistItemCellTableViewCell.swift in Sources */ = {isa = PBXBuildFile; fileRef = 08FD1048221EFE4D00DD0AE8 /* ChecklistItemCellTableViewCell.swift */; };
/* End PBXBuildFile section */

/* Begin PBXFileReference section */
		085BF17A22159C7F00F12E59 /* TodoListIos.app */ = {isa = PBXFileReference; explicitFileType = wrapper.application; includeInIndex = 0; path = TodoListIos.app; sourceTree = BUILT_PRODUCTS_DIR; };
		085BF17D22159C7F00F12E59 /* AppDelegate.swift */ = {isa = PBXFileReference; lastKnownFileType = sourcecode.swift; path = AppDelegate.swift; sourceTree = "<group>"; };
		085BF17F22159C7F00F12E59 /* ChecklistViewController.swift */ = {isa = PBXFileReference; lastKnownFileType = sourcecode.swift; path = ChecklistViewController.swift; sourceTree = "<group>"; };
		085BF18222159C7F00F12E59 /* Base */ = {isa = PBXFileReference; lastKnownFileType = file.storyboard; name = Base; path = Base.lproj/Main.storyboard; sourceTree = "<group>"; };
		085BF18422159C8000F12E59 /* Assets.xcassets */ = {isa = PBXFileReference; lastKnownFileType = folder.assetcatalog; path = Assets.xcassets; sourceTree = "<group>"; };
		085BF18722159C8000F12E59 /* Base */ = {isa = PBXFileReference; lastKnownFileType = file.storyboard; name = Base; path = Base.lproj/LaunchScreen.storyboard; sourceTree = "<group>"; };
		085BF18922159C8000F12E59 /* Info.plist */ = {isa = PBXFileReference; lastKnownFileType = text.plist.xml; path = Info.plist; sourceTree = "<group>"; };
		085BF1922215A40E00F12E59 /* ChecklistItem.swift */ = {isa = PBXFileReference; lastKnownFileType = sourcecode.swift; path = ChecklistItem.swift; sourceTree = "<group>"; };
		085BF1962215D09200F12E59 /* ItemDetailViewController.swift */ = {isa = PBXFileReference; lastKnownFileType = sourcecode.swift; path = ItemDetailViewController.swift; sourceTree = "<group>"; };
		087473B9223A452900D39BC8 /* emCell.swift */ = {isa = PBXFileReference; lastKnownFileType = sourcecode.swift; path = emCell.swift; sourceTree = "<group>"; };
		08E6CBC522437DFD0072B1C6 /* AllListViewController.swift */ = {isa = PBXFileReference; lastKnownFileType = sourcecode.swift; path = AllListViewController.swift; sourceTree = "<group>"; };
		08E6CBC72243A08E0072B1C6 /* Checklist.swift */ = {isa = PBXFileReference; lastKnownFileType = sourcecode.swift; path = Checklist.swift; sourceTree = "<group>"; };
		08FD1048221EFE4D00DD0AE8 /* ChecklistItemCellTableViewCell.swift */ = {isa = PBXFileReference; lastKnownFileType = sourcecode.swift; path = ChecklistItemCellTableViewCell.swift; sourceTree = "<group>"; };
/* End PBXFileReference section */

/* Begin PBXFrameworksBuildPhase section */
		085BF17722159C7F00F12E59 /* Frameworks */ = {
			isa = PBXFrameworksBuildPhase;
			buildActionMask = 2147483647;
			files = (
			);
			runOnlyForDeploymentPostprocessing = 0;
		};
/* End PBXFrameworksBuildPhase section */

/* Begin PBXGroup section */
		085BF17122159C7F00F12E59 = {
			isa = PBXGroup;
			children = (
				085BF17C22159C7F00F12E59 /* TodoListIos */,
				085BF17B22159C7F00F12E59 /* Products */,
			);
			sourceTree = "<group>";
		};
		085BF17B22159C7F00F12E59 /* Products */ = {
			isa = PBXGroup;
			children = (
				085BF17A22159C7F00F12E59 /* TodoListIos.app */,
			);
			name = Products;
			sourceTree = "<group>";
		};
		085BF17C22159C7F00F12E59 /* TodoListIos */ = {
			isa = PBXGroup;
			children = (
				085BF1902215A37400F12E59 /* Views */,
				085BF1912215A38500F12E59 /* Controllers */,
				085BF18F2215A36A00F12E59 /* Modeles */,
				085BF17D22159C7F00F12E59 /* AppDelegate.swift */,
				085BF18422159C8000F12E59 /* Assets.xcassets */,
				085BF18922159C8000F12E59 /* Info.plist */,
			);
			path = TodoListIos;
			sourceTree = "<group>";
		};
		085BF18F2215A36A00F12E59 /* Modeles */ = {
			isa = PBXGroup;
			children = (
				085BF1922215A40E00F12E59 /* ChecklistItem.swift */,
				087473B9223A452900D39BC8 /* emCell.swift */,
				08FD1048221EFE4D00DD0AE8 /* ChecklistItemCellTableViewCell.swift */,
				08E6CBC72243A08E0072B1C6 /* Checklist.swift */,
			);
			path = Modeles;
			sourceTree = "<group>";
		};
		085BF1902215A37400F12E59 /* Views */ = {
			isa = PBXGroup;
			children = (
				085BF18622159C8000F12E59 /* LaunchScreen.storyboard */,
				085BF18122159C7F00F12E59 /* Main.storyboard */,
			);
			path = Views;
			sourceTree = "<group>";
		};
		085BF1912215A38500F12E59 /* Controllers */ = {
			isa = PBXGroup;
			children = (
				085BF17F22159C7F00F12E59 /* ChecklistViewController.swift */,
				085BF1962215D09200F12E59 /* ItemDetailViewController.swift */,
				08E6CBC522437DFD0072B1C6 /* AllListViewController.swift */,
			);
			path = Controllers;
			sourceTree = "<group>";
		};
/* End PBXGroup section */

/* Begin PBXNativeTarget section */
		085BF17922159C7F00F12E59 /* TodoListIos */ = {
			isa = PBXNativeTarget;
			buildConfigurationList = 085BF18C22159C8000F12E59 /* Build configuration list for PBXNativeTarget "TodoListIos" */;
			buildPhases = (
				085BF17622159C7F00F12E59 /* Sources */,
				085BF17722159C7F00F12E59 /* Frameworks */,
				085BF17822159C7F00F12E59 /* Resources */,
			);
			buildRules = (
			);
			dependencies = (
			);
			name = TodoListIos;
			productName = TodoListIos;
			productReference = 085BF17A22159C7F00F12E59 /* TodoListIos.app */;
			productType = "com.apple.product-type.application";
		};
/* End PBXNativeTarget section */

/* Begin PBXProject section */
		085BF17222159C7F00F12E59 /* Project object */ = {
			isa = PBXProject;
			attributes = {
				LastSwiftUpdateCheck = 1010;
				LastUpgradeCheck = 1010;
				ORGANIZATIONNAME = lpiem;
				TargetAttributes = {
					085BF17922159C7F00F12E59 = {
						CreatedOnToolsVersion = 10.1;
					};
				};
			};
			buildConfigurationList = 085BF17522159C7F00F12E59 /* Build configuration list for PBXProject "TodoListIos" */;
			compatibilityVersion = "Xcode 9.3";
			developmentRegion = en;
			hasScannedForEncodings = 0;
			knownRegions = (
				en,
				Base,
			);
			mainGroup = 085BF17122159C7F00F12E59;
			productRefGroup = 085BF17B22159C7F00F12E59 /* Products */;
			projectDirPath = "";
			projectRoot = "";
			targets = (
				085BF17922159C7F00F12E59 /* TodoListIos */,
			);
		};
/* End PBXProject section */

/* Begin PBXResourcesBuildPhase section */
		085BF17822159C7F00F12E59 /* Resources */ = {
			isa = PBXResourcesBuildPhase;
			buildActionMask = 2147483647;
			files = (
				085BF18822159C8000F12E59 /* LaunchScreen.storyboard in Resources */,
				085BF18522159C8000F12E59 /* Assets.xcassets in Resources */,
				085BF18322159C7F00F12E59 /* Main.storyboard in Resources */,
			);
			runOnlyForDeploymentPostprocessing = 0;
		};
/* End PBXResourcesBuildPhase section */

/* Begin PBXSourcesBuildPhase section */
		085BF17622159C7F00F12E59 /* Sources */ = {
			isa = PBXSourcesBuildPhase;
			buildActionMask = 2147483647;
			files = (
				08FD1049221EFE4D00DD0AE8 /* ChecklistItemCellTableViewCell.swift in Sources */,
				087473BA223A452900D39BC8 /* emCell.swift in Sources */,
				085BF1972215D09200F12E59 /* ItemDetailViewController.swift in Sources */,
				08E6CBC622437DFD0072B1C6 /* AllListViewController.swift in Sources */,
				08E6CBC82243A08E0072B1C6 /* Checklist.swift in Sources */,
				085BF18022159C7F00F12E59 /* ChecklistViewController.swift in Sources */,
				085BF1932215A40E00F12E59 /* ChecklistItem.swift in Sources */,
				085BF17E22159C7F00F12E59 /* AppDelegate.swift in Sources */,
			);
			runOnlyForDeploymentPostprocessing = 0;
		};
/* End PBXSourcesBuildPhase section */

/* Begin PBXVariantGroup section */
		085BF18122159C7F00F12E59 /* Main.storyboard */ = {
			isa = PBXVariantGroup;
			children = (
				085BF18222159C7F00F12E59 /* Base */,
			);
			name = Main.storyboard;
			sourceTree = "<group>";
		};
		085BF18622159C8000F12E59 /* LaunchScreen.storyboard */ = {
			isa = PBXVariantGroup;
			children = (
				085BF18722159C8000F12E59 /* Base */,
			);
			name = LaunchScreen.storyboard;
			sourceTree = "<group>";
		};
/* End PBXVariantGroup section */

/* Begin XCBuildConfiguration section */
		085BF18A22159C8000F12E59 /* Debug */ = {
			isa = XCBuildConfiguration;
			buildSettings = {
				ALWAYS_SEARCH_USER_PATHS = NO;
				CLANG_ANALYZER_NONNULL = YES;
				CLANG_ANALYZER_NUMBER_OBJECT_CONVERSION = YES_AGGRESSIVE;
				CLANG_CXX_LANGUAGE_STANDARD = "gnu++14";
				CLANG_CXX_LIBRARY = "libc++";
				CLANG_ENABLE_MODULES = YES;
				CLANG_ENABLE_OBJC_ARC = YES;
				CLANG_ENABLE_OBJC_WEAK = YES;
				CLANG_WARN_BLOCK_CAPTURE_AUTORELEASING = YES;
				CLANG_WARN_BOOL_CONVERSION = YES;
				CLANG_WARN_COMMA = YES;
				CLANG_WARN_CONSTANT_CONVERSION = YES;
				CLANG_WARN_DEPRECATED_OBJC_IMPLEMENTATIONS = YES;
				CLANG_WARN_DIRECT_OBJC_ISA_USAGE = YES_ERROR;
				CLANG_WARN_DOCUMENTATION_COMMENTS = YES;
				CLANG_WARN_EMPTY_BODY = YES;
				CLANG_WARN_ENUM_CONVERSION = YES;
				CLANG_WARN_INFINITE_RECURSION = YES;
				CLANG_WARN_INT_CONVERSION = YES;
				CLANG_WARN_NON_LITERAL_NULL_CONVERSION = YES;
				CLANG_WARN_OBJC_IMPLICIT_RETAIN_SELF = YES;
				CLANG_WARN_OBJC_LITERAL_CONVERSION = YES;
				CLANG_WARN_OBJC_ROOT_CLASS = YES_ERROR;
				CLANG_WARN_RANGE_LOOP_ANALYSIS = YES;
				CLANG_WARN_STRICT_PROTOTYPES = YES;
				CLANG_WARN_SUSPICIOUS_MOVE = YES;
				CLANG_WARN_UNGUARDED_AVAILABILITY = YES_AGGRESSIVE;
				CLANG_WARN_UNREACHABLE_CODE = YES;
				CLANG_WARN__DUPLICATE_METHOD_MATCH = YES;
				CODE_SIGN_IDENTITY = "iPhone Developer";
				COPY_PHASE_STRIP = NO;
				DEBUG_INFORMATION_FORMAT = dwarf;
				ENABLE_STRICT_OBJC_MSGSEND = YES;
				ENABLE_TESTABILITY = YES;
				GCC_C_LANGUAGE_STANDARD = gnu11;
				GCC_DYNAMIC_NO_PIC = NO;
				GCC_NO_COMMON_BLOCKS = YES;
				GCC_OPTIMIZATION_LEVEL = 0;
				GCC_PREPROCESSOR_DEFINITIONS = (
					"DEBUG=1",
					"$(inherited)",
				);
				GCC_WARN_64_TO_32_BIT_CONVERSION = YES;
				GCC_WARN_ABOUT_RETURN_TYPE = YES_ERROR;
				GCC_WARN_UNDECLARED_SELECTOR = YES;
				GCC_WARN_UNINITIALIZED_AUTOS = YES_AGGRESSIVE;
				GCC_WARN_UNUSED_FUNCTION = YES;
				GCC_WARN_UNUSED_VARIABLE = YES;
				IPHONEOS_DEPLOYMENT_TARGET = 12.1;
				MTL_ENABLE_DEBUG_INFO = INCLUDE_SOURCE;
				MTL_FAST_MATH = YES;
				ONLY_ACTIVE_ARCH = YES;
				SDKROOT = iphoneos;
				SWIFT_ACTIVE_COMPILATION_CONDITIONS = DEBUG;
				SWIFT_OPTIMIZATION_LEVEL = "-Onone";
			};
			name = Debug;
		};
		085BF18B22159C8000F12E59 /* Release */ = {
			isa = XCBuildConfiguration;
			buildSettings = {
				ALWAYS_SEARCH_USER_PATHS = NO;
				CLANG_ANALYZER_NONNULL = YES;
				CLANG_ANALYZER_NUMBER_OBJECT_CONVERSION = YES_AGGRESSIVE;
				CLANG_CXX_LANGUAGE_STANDARD = "gnu++14";
				CLANG_CXX_LIBRARY = "libc++";
				CLANG_ENABLE_MODULES = YES;
				CLANG_ENABLE_OBJC_ARC = YES;
				CLANG_ENABLE_OBJC_WEAK = YES;
				CLANG_WARN_BLOCK_CAPTURE_AUTORELEASING = YES;
				CLANG_WARN_BOOL_CONVERSION = YES;
				CLANG_WARN_COMMA = YES;
				CLANG_WARN_CONSTANT_CONVERSION = YES;
				CLANG_WARN_DEPRECATED_OBJC_IMPLEMENTATIONS = YES;
				CLANG_WARN_DIRECT_OBJC_ISA_USAGE = YES_ERROR;
				CLANG_WARN_DOCUMENTATION_COMMENTS = YES;
				CLANG_WARN_EMPTY_BODY = YES;
				CLANG_WARN_ENUM_CONVERSION = YES;
				CLANG_WARN_INFINITE_RECURSION = YES;
				CLANG_WARN_INT_CONVERSION = YES;
				CLANG_WARN_NON_LITERAL_NULL_CONVERSION = YES;
				CLANG_WARN_OBJC_IMPLICIT_RETAIN_SELF = YES;
				CLANG_WARN_OBJC_LITERAL_CONVERSION = YES;
				CLANG_WARN_OBJC_ROOT_CLASS = YES_ERROR;
				CLANG_WARN_RANGE_LOOP_ANALYSIS = YES;
				CLANG_WARN_STRICT_PROTOTYPES = YES;
				CLANG_WARN_SUSPICIOUS_MOVE = YES;
				CLANG_WARN_UNGUARDED_AVAILABILITY = YES_AGGRESSIVE;
				CLANG_WARN_UNREACHABLE_CODE = YES;
				CLANG_WARN__DUPLICATE_METHOD_MATCH = YES;
				CODE_SIGN_IDENTITY = "iPhone Developer";
				COPY_PHASE_STRIP = NO;
				DEBUG_INFORMATION_FORMAT = "dwarf-with-dsym";
				ENABLE_NS_ASSERTIONS = NO;
				ENABLE_STRICT_OBJC_MSGSEND = YES;
				GCC_C_LANGUAGE_STANDARD = gnu11;
				GCC_NO_COMMON_BLOCKS = YES;
				GCC_WARN_64_TO_32_BIT_CONVERSION = YES;
				GCC_WARN_ABOUT_RETURN_TYPE = YES_ERROR;
				GCC_WARN_UNDECLARED_SELECTOR = YES;
				GCC_WARN_UNINITIALIZED_AUTOS = YES_AGGRESSIVE;
				GCC_WARN_UNUSED_FUNCTION = YES;
				GCC_WARN_UNUSED_VARIABLE = YES;
				IPHONEOS_DEPLOYMENT_TARGET = 12.1;
				MTL_ENABLE_DEBUG_INFO = NO;
				MTL_FAST_MATH = YES;
				SDKROOT = iphoneos;
				SWIFT_COMPILATION_MODE = wholemodule;
				SWIFT_OPTIMIZATION_LEVEL = "-O";
				VALIDATE_PRODUCT = YES;
			};
			name = Release;
		};
		085BF18D22159C8000F12E59 /* Debug */ = {
			isa = XCBuildConfiguration;
			buildSettings = {
				ASSETCATALOG_COMPILER_APPICON_NAME = AppIcon;
				CODE_SIGN_STYLE = Automatic;
				INFOPLIST_FILE = TodoListIos/Info.plist;
				LD_RUNPATH_SEARCH_PATHS = (
					"$(inherited)",
					"@executable_path/Frameworks",
				);
				PRODUCT_BUNDLE_IDENTIFIER = fr.lp.iem.TodoListIos;
				PRODUCT_NAME = "$(TARGET_NAME)";
				SWIFT_VERSION = 4.2;
				TARGETED_DEVICE_FAMILY = "1,2";
			};
			name = Debug;
		};
		085BF18E22159C8000F12E59 /* Release */ = {
			isa = XCBuildConfiguration;
			buildSettings = {
				ASSETCATALOG_COMPILER_APPICON_NAME = AppIcon;
				CODE_SIGN_STYLE = Automatic;
				INFOPLIST_FILE = TodoListIos/Info.plist;
				LD_RUNPATH_SEARCH_PATHS = (
					"$(inherited)",
					"@executable_path/Frameworks",
				);
				PRODUCT_BUNDLE_IDENTIFIER = fr.lp.iem.TodoListIos;
				PRODUCT_NAME = "$(TARGET_NAME)";
				SWIFT_VERSION = 4.2;
				TARGETED_DEVICE_FAMILY = "1,2";
			};
			name = Release;
		};
/* End XCBuildConfiguration section */

/* Begin XCConfigurationList section */
		085BF17522159C7F00F12E59 /* Build configuration list for PBXProject "TodoListIos" */ = {
			isa = XCConfigurationList;
			buildConfigurations = (
				085BF18A22159C8000F12E59 /* Debug */,
				085BF18B22159C8000F12E59 /* Release */,
			);
			defaultConfigurationIsVisible = 0;
			defaultConfigurationName = Release;
		};
		085BF18C22159C8000F12E59 /* Build configuration list for PBXNativeTarget "TodoListIos" */ = {
			isa = XCConfigurationList;
			buildConfigurations = (
				085BF18D22159C8000F12E59 /* Debug */,
				085BF18E22159C8000F12E59 /* Release */,
			);
			defaultConfigurationIsVisible = 0;
			defaultConfigurationName = Release;
		};
/* End XCConfigurationList section */
	};
	rootObject = 085BF17222159C7F00F12E59 /* Project object */;
}
